// !$*UTF8*$!
{
	archiveVersion = 1;
	classes = {
	};
	objectVersion = 46;
	objects = {

/* Begin PBXBuildFile section */
		8BAE198CF24746B461084481 /* Pods_TestForSoftFX.framework in Frameworks */ = {isa = PBXBuildFile; fileRef = 392CAABE90FDC97520FE7E86 /* Pods_TestForSoftFX.framework */; };
		FA2CE3281F63C73C003DAC1D /* AppDelegate.swift in Sources */ = {isa = PBXBuildFile; fileRef = FA2CE3271F63C73C003DAC1D /* AppDelegate.swift */; };
		FA2CE32A1F63C73C003DAC1D /* RootViewController.swift in Sources */ = {isa = PBXBuildFile; fileRef = FA2CE3291F63C73C003DAC1D /* RootViewController.swift */; };
		FA2CE32C1F63C73C003DAC1D /* DataViewController.swift in Sources */ = {isa = PBXBuildFile; fileRef = FA2CE32B1F63C73C003DAC1D /* DataViewController.swift */; };
		FA2CE32E1F63C73C003DAC1D /* ModelController.swift in Sources */ = {isa = PBXBuildFile; fileRef = FA2CE32D1F63C73C003DAC1D /* ModelController.swift */; };
		FA2CE3311F63C73C003DAC1D /* Main.storyboard in Resources */ = {isa = PBXBuildFile; fileRef = FA2CE32F1F63C73C003DAC1D /* Main.storyboard */; };
		FA2CE3331F63C73C003DAC1D /* Assets.xcassets in Resources */ = {isa = PBXBuildFile; fileRef = FA2CE3321F63C73C003DAC1D /* Assets.xcassets */; };
		FA2CE3361F63C73C003DAC1D /* LaunchScreen.storyboard in Resources */ = {isa = PBXBuildFile; fileRef = FA2CE3341F63C73C003DAC1D /* LaunchScreen.storyboard */; };
		FA2CE3471F63CF6C003DAC1D /* CoreDataManager.swift in Sources */ = {isa = PBXBuildFile; fileRef = FA2CE3451F63CF6C003DAC1D /* CoreDataManager.swift */; };
		FA2CE34C1F63E40F003DAC1D /* ServerManager.swift in Sources */ = {isa = PBXBuildFile; fileRef = FA2CE34B1F63E40F003DAC1D /* ServerManager.swift */; };
		FA2CE3721F63F462003DAC1D /* NewsItemTableViewCell.swift in Sources */ = {isa = PBXBuildFile; fileRef = FA2CE3711F63F462003DAC1D /* NewsItemTableViewCell.swift */; };
		FA2CE3761F63F60C003DAC1D /* Model.xcdatamodeld in Sources */ = {isa = PBXBuildFile; fileRef = FA2CE3741F63F60C003DAC1D /* Model.xcdatamodeld */; };
		FA2CE37D1F63FB5F003DAC1D /* NotificationCenter.framework in Frameworks */ = {isa = PBXBuildFile; fileRef = FA2CE37C1F63FB5F003DAC1D /* NotificationCenter.framework */; };
		FA2CE3801F63FB5F003DAC1D /* TodayViewController.swift in Sources */ = {isa = PBXBuildFile; fileRef = FA2CE37F1F63FB5F003DAC1D /* TodayViewController.swift */; };
		FA2CE3831F63FB5F003DAC1D /* MainInterface.storyboard in Resources */ = {isa = PBXBuildFile; fileRef = FA2CE3811F63FB5F003DAC1D /* MainInterface.storyboard */; };
		FA2CE3871F63FB5F003DAC1D /* SoftFxWidget.appex in Embed App Extensions */ = {isa = PBXBuildFile; fileRef = FA2CE37B1F63FB5F003DAC1D /* SoftFxWidget.appex */; settings = {ATTRIBUTES = (RemoveHeadersOnCopy, ); }; };
/* End PBXBuildFile section */

/* Begin PBXContainerItemProxy section */
		FA2CE3851F63FB5F003DAC1D /* PBXContainerItemProxy */ = {
			isa = PBXContainerItemProxy;
			containerPortal = FA2CE31C1F63C73B003DAC1D /* Project object */;
			proxyType = 1;
			remoteGlobalIDString = FA2CE37A1F63FB5F003DAC1D;
			remoteInfo = SoftFxWidget;
		};
/* End PBXContainerItemProxy section */

/* Begin PBXCopyFilesBuildPhase section */
		FA2CE38B1F63FB5F003DAC1D /* Embed App Extensions */ = {
			isa = PBXCopyFilesBuildPhase;
			buildActionMask = 2147483647;
			dstPath = "";
			dstSubfolderSpec = 13;
			files = (
				FA2CE3871F63FB5F003DAC1D /* SoftFxWidget.appex in Embed App Extensions */,
			);
			name = "Embed App Extensions";
			runOnlyForDeploymentPostprocessing = 0;
		};
/* End PBXCopyFilesBuildPhase section */

/* Begin PBXFileReference section */
		2671EB8390639CAD8EC32D41 /* Pods-TestForSoftFX.debug.xcconfig */ = {isa = PBXFileReference; includeInIndex = 1; lastKnownFileType = text.xcconfig; name = "Pods-TestForSoftFX.debug.xcconfig"; path = "Pods/Target Support Files/Pods-TestForSoftFX/Pods-TestForSoftFX.debug.xcconfig"; sourceTree = "<group>"; };
		392CAABE90FDC97520FE7E86 /* Pods_TestForSoftFX.framework */ = {isa = PBXFileReference; explicitFileType = wrapper.framework; includeInIndex = 0; path = Pods_TestForSoftFX.framework; sourceTree = BUILT_PRODUCTS_DIR; };
		CDE9AC8EC0A08EB37561EE18 /* Pods-TestForSoftFX.release.xcconfig */ = {isa = PBXFileReference; includeInIndex = 1; lastKnownFileType = text.xcconfig; name = "Pods-TestForSoftFX.release.xcconfig"; path = "Pods/Target Support Files/Pods-TestForSoftFX/Pods-TestForSoftFX.release.xcconfig"; sourceTree = "<group>"; };
		FA2CE3241F63C73B003DAC1D /* TestForSoftFX.app */ = {isa = PBXFileReference; explicitFileType = wrapper.application; includeInIndex = 0; path = TestForSoftFX.app; sourceTree = BUILT_PRODUCTS_DIR; };
		FA2CE3271F63C73C003DAC1D /* AppDelegate.swift */ = {isa = PBXFileReference; lastKnownFileType = sourcecode.swift; path = AppDelegate.swift; sourceTree = "<group>"; };
		FA2CE3291F63C73C003DAC1D /* RootViewController.swift */ = {isa = PBXFileReference; lastKnownFileType = sourcecode.swift; path = RootViewController.swift; sourceTree = "<group>"; };
		FA2CE32B1F63C73C003DAC1D /* DataViewController.swift */ = {isa = PBXFileReference; lastKnownFileType = sourcecode.swift; path = DataViewController.swift; sourceTree = "<group>"; };
		FA2CE32D1F63C73C003DAC1D /* ModelController.swift */ = {isa = PBXFileReference; lastKnownFileType = sourcecode.swift; path = ModelController.swift; sourceTree = "<group>"; };
		FA2CE3301F63C73C003DAC1D /* Base */ = {isa = PBXFileReference; lastKnownFileType = file.storyboard; name = Base; path = Base.lproj/Main.storyboard; sourceTree = "<group>"; };
		FA2CE3321F63C73C003DAC1D /* Assets.xcassets */ = {isa = PBXFileReference; lastKnownFileType = folder.assetcatalog; path = Assets.xcassets; sourceTree = "<group>"; };
		FA2CE3351F63C73C003DAC1D /* Base */ = {isa = PBXFileReference; lastKnownFileType = file.storyboard; name = Base; path = Base.lproj/LaunchScreen.storyboard; sourceTree = "<group>"; };
		FA2CE3371F63C73C003DAC1D /* Info.plist */ = {isa = PBXFileReference; lastKnownFileType = text.plist.xml; path = Info.plist; sourceTree = "<group>"; };
		FA2CE3451F63CF6C003DAC1D /* CoreDataManager.swift */ = {isa = PBXFileReference; fileEncoding = 4; lastKnownFileType = sourcecode.swift; path = CoreDataManager.swift; sourceTree = "<group>"; };
		FA2CE34B1F63E40F003DAC1D /* ServerManager.swift */ = {isa = PBXFileReference; fileEncoding = 4; lastKnownFileType = sourcecode.swift; path = ServerManager.swift; sourceTree = "<group>"; };
		FA2CE3711F63F462003DAC1D /* NewsItemTableViewCell.swift */ = {isa = PBXFileReference; fileEncoding = 4; lastKnownFileType = sourcecode.swift; path = NewsItemTableViewCell.swift; sourceTree = "<group>"; };
		FA2CE3751F63F60C003DAC1D /* Model.xcdatamodel */ = {isa = PBXFileReference; lastKnownFileType = wrapper.xcdatamodel; path = Model.xcdatamodel; sourceTree = "<group>"; };
		FA2CE37B1F63FB5F003DAC1D /* SoftFxWidget.appex */ = {isa = PBXFileReference; explicitFileType = "wrapper.app-extension"; includeInIndex = 0; path = SoftFxWidget.appex; sourceTree = BUILT_PRODUCTS_DIR; };
		FA2CE37C1F63FB5F003DAC1D /* NotificationCenter.framework */ = {isa = PBXFileReference; lastKnownFileType = wrapper.framework; name = NotificationCenter.framework; path = System/Library/Frameworks/NotificationCenter.framework; sourceTree = SDKROOT; };
		FA2CE37F1F63FB5F003DAC1D /* TodayViewController.swift */ = {isa = PBXFileReference; lastKnownFileType = sourcecode.swift; path = TodayViewController.swift; sourceTree = "<group>"; };
		FA2CE3821F63FB5F003DAC1D /* Base */ = {isa = PBXFileReference; lastKnownFileType = file.storyboard; name = Base; path = Base.lproj/MainInterface.storyboard; sourceTree = "<group>"; };
		FA2CE3841F63FB5F003DAC1D /* Info.plist */ = {isa = PBXFileReference; lastKnownFileType = text.plist.xml; path = Info.plist; sourceTree = "<group>"; };
		FA2CE38C1F6409C6003DAC1D /* TestForSoftFX.entitlements */ = {isa = PBXFileReference; lastKnownFileType = text.plist.entitlements; path = TestForSoftFX.entitlements; sourceTree = "<group>"; };
/* End PBXFileReference section */

/* Begin PBXFrameworksBuildPhase section */
		FA2CE3211F63C73B003DAC1D /* Frameworks */ = {
			isa = PBXFrameworksBuildPhase;
			buildActionMask = 2147483647;
			files = (
				8BAE198CF24746B461084481 /* Pods_TestForSoftFX.framework in Frameworks */,
			);
			runOnlyForDeploymentPostprocessing = 0;
		};
		FA2CE3781F63FB5F003DAC1D /* Frameworks */ = {
			isa = PBXFrameworksBuildPhase;
			buildActionMask = 2147483647;
			files = (
				FA2CE37D1F63FB5F003DAC1D /* NotificationCenter.framework in Frameworks */,
			);
			runOnlyForDeploymentPostprocessing = 0;
		};
/* End PBXFrameworksBuildPhase section */

/* Begin PBXGroup section */
		07BB8B3E7DD429873B1F12AD /* Frameworks */ = {
			isa = PBXGroup;
			children = (
				392CAABE90FDC97520FE7E86 /* Pods_TestForSoftFX.framework */,
				FA2CE37C1F63FB5F003DAC1D /* NotificationCenter.framework */,
			);
			name = Frameworks;
			sourceTree = "<group>";
		};
		4DE9F976B67C1706B105F5FD /* Pods */ = {
			isa = PBXGroup;
			children = (
				2671EB8390639CAD8EC32D41 /* Pods-TestForSoftFX.debug.xcconfig */,
				CDE9AC8EC0A08EB37561EE18 /* Pods-TestForSoftFX.release.xcconfig */,
			);
			name = Pods;
			sourceTree = "<group>";
		};
		FA2CE31B1F63C73B003DAC1D = {
			isa = PBXGroup;
			children = (
				FA2CE3261F63C73B003DAC1D /* TestForSoftFX */,
				FA2CE37E1F63FB5F003DAC1D /* SoftFxWidget */,
				FA2CE3251F63C73B003DAC1D /* Products */,
				4DE9F976B67C1706B105F5FD /* Pods */,
				07BB8B3E7DD429873B1F12AD /* Frameworks */,
			);
			sourceTree = "<group>";
		};
		FA2CE3251F63C73B003DAC1D /* Products */ = {
			isa = PBXGroup;
			children = (
				FA2CE3241F63C73B003DAC1D /* TestForSoftFX.app */,
				FA2CE37B1F63FB5F003DAC1D /* SoftFxWidget.appex */,
			);
			name = Products;
			sourceTree = "<group>";
		};
		FA2CE3261F63C73B003DAC1D /* TestForSoftFX */ = {
			isa = PBXGroup;
			children = (
				FA2CE38C1F6409C6003DAC1D /* TestForSoftFX.entitlements */,
				FA2CE3441F63CF49003DAC1D /* Managers */,
				FA2CE3431F63CF19003DAC1D /* Controller */,
				FA2CE3421F63CF03003DAC1D /* View */,
				FA2CE3271F63C73C003DAC1D /* AppDelegate.swift */,
				FA2CE3321F63C73C003DAC1D /* Assets.xcassets */,
				FA2CE3341F63C73C003DAC1D /* LaunchScreen.storyboard */,
				FA2CE3371F63C73C003DAC1D /* Info.plist */,
			);
			path = TestForSoftFX;
			sourceTree = "<group>";
		};
		FA2CE3421F63CF03003DAC1D /* View */ = {
			isa = PBXGroup;
			children = (
				FA2CE32F1F63C73C003DAC1D /* Main.storyboard */,
			);
			name = View;
			sourceTree = "<group>";
		};
		FA2CE3431F63CF19003DAC1D /* Controller */ = {
			isa = PBXGroup;
			children = (
				FA2CE3291F63C73C003DAC1D /* RootViewController.swift */,
				FA2CE32B1F63C73C003DAC1D /* DataViewController.swift */,
				FA2CE32D1F63C73C003DAC1D /* ModelController.swift */,
				FA2CE3701F63F44C003DAC1D /* cells */,
			);
			name = Controller;
			sourceTree = "<group>";
		};
		FA2CE3441F63CF49003DAC1D /* Managers */ = {
			isa = PBXGroup;
			children = (
				FA2CE3731F63F5F6003DAC1D /* CoreData */,
				FA2CE34B1F63E40F003DAC1D /* ServerManager.swift */,
			);
			name = Managers;
			sourceTree = "<group>";
		};
		FA2CE3701F63F44C003DAC1D /* cells */ = {
			isa = PBXGroup;
			children = (
				FA2CE3711F63F462003DAC1D /* NewsItemTableViewCell.swift */,
			);
			name = cells;
			sourceTree = "<group>";
		};
		FA2CE3731F63F5F6003DAC1D /* CoreData */ = {
			isa = PBXGroup;
			children = (
				FA2CE3451F63CF6C003DAC1D /* CoreDataManager.swift */,
				FA2CE3741F63F60C003DAC1D /* Model.xcdatamodeld */,
			);
			name = CoreData;
			sourceTree = "<group>";
		};
		FA2CE37E1F63FB5F003DAC1D /* SoftFxWidget */ = {
			isa = PBXGroup;
			children = (
				FA2CE37F1F63FB5F003DAC1D /* TodayViewController.swift */,
				FA2CE3811F63FB5F003DAC1D /* MainInterface.storyboard */,
				FA2CE3841F63FB5F003DAC1D /* Info.plist */,
			);
			path = SoftFxWidget;
			sourceTree = "<group>";
		};
/* End PBXGroup section */

/* Begin PBXNativeTarget section */
		FA2CE3231F63C73B003DAC1D /* TestForSoftFX */ = {
			isa = PBXNativeTarget;
			buildConfigurationList = FA2CE33A1F63C73C003DAC1D /* Build configuration list for PBXNativeTarget "TestForSoftFX" */;
			buildPhases = (
				6CC267CE17867C7F411C74BD /* [CP] Check Pods Manifest.lock */,
				FA2CE3201F63C73B003DAC1D /* Sources */,
				FA2CE3211F63C73B003DAC1D /* Frameworks */,
				FA2CE3221F63C73B003DAC1D /* Resources */,
				3A3254FB13DF414186080D31 /* [CP] Embed Pods Frameworks */,
				7133B4F94C994E810A40E2C0 /* [CP] Copy Pods Resources */,
				FA2CE38B1F63FB5F003DAC1D /* Embed App Extensions */,
			);
			buildRules = (
			);
			dependencies = (
				FA2CE3861F63FB5F003DAC1D /* PBXTargetDependency */,
			);
			name = TestForSoftFX;
			productName = TestForSoftFX;
			productReference = FA2CE3241F63C73B003DAC1D /* TestForSoftFX.app */;
			productType = "com.apple.product-type.application";
		};
		FA2CE37A1F63FB5F003DAC1D /* SoftFxWidget */ = {
			isa = PBXNativeTarget;
			buildConfigurationList = FA2CE38A1F63FB5F003DAC1D /* Build configuration list for PBXNativeTarget "SoftFxWidget" */;
			buildPhases = (
				FA2CE3771F63FB5F003DAC1D /* Sources */,
				FA2CE3781F63FB5F003DAC1D /* Frameworks */,
				FA2CE3791F63FB5F003DAC1D /* Resources */,
			);
			buildRules = (
			);
			dependencies = (
			);
			name = SoftFxWidget;
			productName = SoftFxWidget;
			productReference = FA2CE37B1F63FB5F003DAC1D /* SoftFxWidget.appex */;
			productType = "com.apple.product-type.app-extension";
		};
/* End PBXNativeTarget section */

/* Begin PBXProject section */
		FA2CE31C1F63C73B003DAC1D /* Project object */ = {
			isa = PBXProject;
			attributes = {
				LastSwiftUpdateCheck = 0830;
				LastUpgradeCheck = 0830;
				ORGANIZATIONNAME = Macbook;
				TargetAttributes = {
					FA2CE3231F63C73B003DAC1D = {
						CreatedOnToolsVersion = 8.3.3;
						DevelopmentTeam = XMV3P6H2HC;
						ProvisioningStyle = Automatic;
						SystemCapabilities = {
							com.apple.ApplicationGroups.iOS = {
								enabled = 1;
							};
						};
					};
					FA2CE37A1F63FB5F003DAC1D = {
						CreatedOnToolsVersion = 8.3.3;
						DevelopmentTeam = XMV3P6H2HC;
						ProvisioningStyle = Automatic;
					};
				};
			};
			buildConfigurationList = FA2CE31F1F63C73B003DAC1D /* Build configuration list for PBXProject "TestForSoftFX" */;
			compatibilityVersion = "Xcode 3.2";
			developmentRegion = English;
			hasScannedForEncodings = 0;
			knownRegions = (
				en,
				Base,
			);
			mainGroup = FA2CE31B1F63C73B003DAC1D;
			productRefGroup = FA2CE3251F63C73B003DAC1D /* Products */;
			projectDirPath = "";
			projectRoot = "";
			targets = (
				FA2CE3231F63C73B003DAC1D /* TestForSoftFX */,
				FA2CE37A1F63FB5F003DAC1D /* SoftFxWidget */,
			);
		};
/* End PBXProject section */

/* Begin PBXResourcesBuildPhase section */
		FA2CE3221F63C73B003DAC1D /* Resources */ = {
			isa = PBXResourcesBuildPhase;
			buildActionMask = 2147483647;
			files = (
				FA2CE3361F63C73C003DAC1D /* LaunchScreen.storyboard in Resources */,
				FA2CE3331F63C73C003DAC1D /* Assets.xcassets in Resources */,
				FA2CE3311F63C73C003DAC1D /* Main.storyboard in Resources */,
			);
			runOnlyForDeploymentPostprocessing = 0;
		};
		FA2CE3791F63FB5F003DAC1D /* Resources */ = {
			isa = PBXResourcesBuildPhase;
			buildActionMask = 2147483647;
			files = (
				FA2CE3831F63FB5F003DAC1D /* MainInterface.storyboard in Resources */,
			);
			runOnlyForDeploymentPostprocessing = 0;
		};
/* End PBXResourcesBuildPhase section */

/* Begin PBXShellScriptBuildPhase section */
		3A3254FB13DF414186080D31 /* [CP] Embed Pods Frameworks */ = {
			isa = PBXShellScriptBuildPhase;
			buildActionMask = 2147483647;
			files = (
			);
			inputPaths = (
				"${SRCROOT}/Pods/Target Support Files/Pods-TestForSoftFX/Pods-TestForSoftFX-frameworks.sh",
				"${BUILT_PRODUCTS_DIR}/Alamofire/Alamofire.framework",
				"${BUILT_PRODUCTS_DIR}/SwiftyJSON/SwiftyJSON.framework",
				"${BUILT_PRODUCTS_DIR}/SwiftyXMLParser/SwiftyXMLParser.framework",
			);
			name = "[CP] Embed Pods Frameworks";
			outputPaths = (
				"${TARGET_BUILD_DIR}/${FRAMEWORKS_FOLDER_PATH}/Alamofire.framework",
				"${TARGET_BUILD_DIR}/${FRAMEWORKS_FOLDER_PATH}/SwiftyJSON.framework",
				"${TARGET_BUILD_DIR}/${FRAMEWORKS_FOLDER_PATH}/SwiftyXMLParser.framework",
			);
			runOnlyForDeploymentPostprocessing = 0;
			shellPath = /bin/sh;
			shellScript = "\"${SRCROOT}/Pods/Target Support Files/Pods-TestForSoftFX/Pods-TestForSoftFX-frameworks.sh\"\n";
			showEnvVarsInLog = 0;
		};
		6CC267CE17867C7F411C74BD /* [CP] Check Pods Manifest.lock */ = {
			isa = PBXShellScriptBuildPhase;
			buildActionMask = 2147483647;
			files = (
			);
			inputPaths = (
				"${PODS_PODFILE_DIR_PATH}/Podfile.lock",
				"${PODS_ROOT}/Manifest.lock",
			);
			name = "[CP] Check Pods Manifest.lock";
			outputPaths = (
				"$(DERIVED_FILE_DIR)/Pods-TestForSoftFX-checkManifestLockResult.txt",
			);
			runOnlyForDeploymentPostprocessing = 0;
			shellPath = /bin/sh;
			shellScript = "diff \"${PODS_PODFILE_DIR_PATH}/Podfile.lock\" \"${PODS_ROOT}/Manifest.lock\" > /dev/null\nif [ $? != 0 ] ; then\n    # print error to STDERR\n    echo \"error: The sandbox is not in sync with the Podfile.lock. Run 'pod install' or update your CocoaPods installation.\" >&2\n    exit 1\nfi\n# This output is used by Xcode 'outputs' to avoid re-running this script phase.\necho \"SUCCESS\" > \"${SCRIPT_OUTPUT_FILE_0}\"\n";
			showEnvVarsInLog = 0;
		};
		7133B4F94C994E810A40E2C0 /* [CP] Copy Pods Resources */ = {
			isa = PBXShellScriptBuildPhase;
			buildActionMask = 2147483647;
			files = (
			);
			inputPaths = (
			);
			name = "[CP] Copy Pods Resources";
			outputPaths = (
			);
			runOnlyForDeploymentPostprocessing = 0;
			shellPath = /bin/sh;
			shellScript = "\"${SRCROOT}/Pods/Target Support Files/Pods-TestForSoftFX/Pods-TestForSoftFX-resources.sh\"\n";
			showEnvVarsInLog = 0;
		};
/* End PBXShellScriptBuildPhase section */

/* Begin PBXSourcesBuildPhase section */
		FA2CE3201F63C73B003DAC1D /* Sources */ = {
			isa = PBXSourcesBuildPhase;
			buildActionMask = 2147483647;
			files = (
				FA2CE3471F63CF6C003DAC1D /* CoreDataManager.swift in Sources */,
				FA2CE32A1F63C73C003DAC1D /* RootViewController.swift in Sources */,
				FA2CE32E1F63C73C003DAC1D /* ModelController.swift in Sources */,
				FA2CE3761F63F60C003DAC1D /* Model.xcdatamodeld in Sources */,
				FA2CE3721F63F462003DAC1D /* NewsItemTableViewCell.swift in Sources */,
				FA2CE32C1F63C73C003DAC1D /* DataViewController.swift in Sources */,
				FA2CE34C1F63E40F003DAC1D /* ServerManager.swift in Sources */,
				FA2CE3281F63C73C003DAC1D /* AppDelegate.swift in Sources */,
			);
			runOnlyForDeploymentPostprocessing = 0;
		};
		FA2CE3771F63FB5F003DAC1D /* Sources */ = {
			isa = PBXSourcesBuildPhase;
			buildActionMask = 2147483647;
			files = (
				FA2CE3801F63FB5F003DAC1D /* TodayViewController.swift in Sources */,
			);
			runOnlyForDeploymentPostprocessing = 0;
		};
/* End PBXSourcesBuildPhase section */

/* Begin PBXTargetDependency section */
		FA2CE3861F63FB5F003DAC1D /* PBXTargetDependency */ = {
			isa = PBXTargetDependency;
			target = FA2CE37A1F63FB5F003DAC1D /* SoftFxWidget */;
			targetProxy = FA2CE3851F63FB5F003DAC1D /* PBXContainerItemProxy */;
		};
/* End PBXTargetDependency section */

/* Begin PBXVariantGroup section */
		FA2CE32F1F63C73C003DAC1D /* Main.storyboard */ = {
			isa = PBXVariantGroup;
			children = (
				FA2CE3301F63C73C003DAC1D /* Base */,
			);
			name = Main.storyboard;
			sourceTree = "<group>";
		};
		FA2CE3341F63C73C003DAC1D /* LaunchScreen.storyboard */ = {
			isa = PBXVariantGroup;
			children = (
				FA2CE3351F63C73C003DAC1D /* Base */,
			);
			name = LaunchScreen.storyboard;
			sourceTree = "<group>";
		};
		FA2CE3811F63FB5F003DAC1D /* MainInterface.storyboard */ = {
			isa = PBXVariantGroup;
			children = (
				FA2CE3821F63FB5F003DAC1D /* Base */,
			);
			name = MainInterface.storyboard;
			sourceTree = "<group>";
		};
/* End PBXVariantGroup section */

/* Begin XCBuildConfiguration section */
		FA2CE3381F63C73C003DAC1D /* Debug */ = {
			isa = XCBuildConfiguration;
			buildSettings = {
				ALWAYS_SEARCH_USER_PATHS = NO;
				CLANG_ANALYZER_NONNULL = YES;
				CLANG_ANALYZER_NUMBER_OBJECT_CONVERSION = YES_AGGRESSIVE;
				CLANG_CXX_LANGUAGE_STANDARD = "gnu++0x";
				CLANG_CXX_LIBRARY = "libc++";
				CLANG_ENABLE_MODULES = YES;
				CLANG_ENABLE_OBJC_ARC = YES;
				CLANG_WARN_BOOL_CONVERSION = YES;
				CLANG_WARN_CONSTANT_CONVERSION = YES;
				CLANG_WARN_DIRECT_OBJC_ISA_USAGE = YES_ERROR;
				CLANG_WARN_DOCUMENTATION_COMMENTS = YES;
				CLANG_WARN_EMPTY_BODY = YES;
				CLANG_WARN_ENUM_CONVERSION = YES;
				CLANG_WARN_INFINITE_RECURSION = YES;
				CLANG_WARN_INT_CONVERSION = YES;
				CLANG_WARN_OBJC_ROOT_CLASS = YES_ERROR;
				CLANG_WARN_SUSPICIOUS_MOVE = YES;
				CLANG_WARN_UNREACHABLE_CODE = YES;
				CLANG_WARN__DUPLICATE_METHOD_MATCH = YES;
				"CODE_SIGN_IDENTITY[sdk=iphoneos*]" = "iPhone Developer";
				COPY_PHASE_STRIP = NO;
				DEBUG_INFORMATION_FORMAT = dwarf;
				ENABLE_STRICT_OBJC_MSGSEND = YES;
				ENABLE_TESTABILITY = YES;
				GCC_C_LANGUAGE_STANDARD = gnu99;
				GCC_DYNAMIC_NO_PIC = NO;
				GCC_NO_COMMON_BLOCKS = YES;
				GCC_OPTIMIZATION_LEVEL = 0;
				GCC_PREPROCESSOR_DEFINITIONS = (
					"DEBUG=1",
					"$(inherited)",
				);
				GCC_WARN_64_TO_32_BIT_CONVERSION = YES;
				GCC_WARN_ABOUT_RETURN_TYPE = YES_ERROR;
				GCC_WARN_UNDECLARED_SELECTOR = YES;
				GCC_WARN_UNINITIALIZED_AUTOS = YES_AGGRESSIVE;
				GCC_WARN_UNUSED_FUNCTION = YES;
				GCC_WARN_UNUSED_VARIABLE = YES;
				IPHONEOS_DEPLOYMENT_TARGET = 10.3;
				MTL_ENABLE_DEBUG_INFO = YES;
				ONLY_ACTIVE_ARCH = YES;
				SDKROOT = iphoneos;
				SWIFT_ACTIVE_COMPILATION_CONDITIONS = DEBUG;
				SWIFT_OPTIMIZATION_LEVEL = "-Onone";
				TARGETED_DEVICE_FAMILY = "1,2";
			};
			name = Debug;
		};
		FA2CE3391F63C73C003DAC1D /* Release */ = {
			isa = XCBuildConfiguration;
			buildSettings = {
				ALWAYS_SEARCH_USER_PATHS = NO;
				CLANG_ANALYZER_NONNULL = YES;
				CLANG_ANALYZER_NUMBER_OBJECT_CONVERSION = YES_AGGRESSIVE;
				CLANG_CXX_LANGUAGE_STANDARD = "gnu++0x";
				CLANG_CXX_LIBRARY = "libc++";
				CLANG_ENABLE_MODULES = YES;
				CLANG_ENABLE_OBJC_ARC = YES;
				CLANG_WARN_BOOL_CONVERSION = YES;
				CLANG_WARN_CONSTANT_CONVERSION = YES;
				CLANG_WARN_DIRECT_OBJC_ISA_USAGE = YES_ERROR;
				CLANG_WARN_DOCUMENTATION_COMMENTS = YES;
				CLANG_WARN_EMPTY_BODY = YES;
				CLANG_WARN_ENUM_CONVERSION = YES;
				CLANG_WARN_INFINITE_RECURSION = YES;
				CLANG_WARN_INT_CONVERSION = YES;
				CLANG_WARN_OBJC_ROOT_CLASS = YES_ERROR;
				CLANG_WARN_SUSPICIOUS_MOVE = YES;
				CLANG_WARN_UNREACHABLE_CODE = YES;
				CLANG_WARN__DUPLICATE_METHOD_MATCH = YES;
				"CODE_SIGN_IDENTITY[sdk=iphoneos*]" = "iPhone Developer";
				COPY_PHASE_STRIP = NO;
				DEBUG_INFORMATION_FORMAT = "dwarf-with-dsym";
				ENABLE_NS_ASSERTIONS = NO;
				ENABLE_STRICT_OBJC_MSGSEND = YES;
				GCC_C_LANGUAGE_STANDARD = gnu99;
				GCC_NO_COMMON_BLOCKS = YES;
				GCC_WARN_64_TO_32_BIT_CONVERSION = YES;
				GCC_WARN_ABOUT_RETURN_TYPE = YES_ERROR;
				GCC_WARN_UNDECLARED_SELECTOR = YES;
				GCC_WARN_UNINITIALIZED_AUTOS = YES_AGGRESSIVE;
				GCC_WARN_UNUSED_FUNCTION = YES;
				GCC_WARN_UNUSED_VARIABLE = YES;
				IPHONEOS_DEPLOYMENT_TARGET = 10.3;
				MTL_ENABLE_DEBUG_INFO = NO;
				SDKROOT = iphoneos;
				SWIFT_OPTIMIZATION_LEVEL = "-Owholemodule";
				TARGETED_DEVICE_FAMILY = "1,2";
				VALIDATE_PRODUCT = YES;
			};
			name = Release;
		};
		FA2CE33B1F63C73C003DAC1D /* Debug */ = {
			isa = XCBuildConfiguration;
			baseConfigurationReference = 2671EB8390639CAD8EC32D41 /* Pods-TestForSoftFX.debug.xcconfig */;
			buildSettings = {
				ALWAYS_EMBED_SWIFT_STANDARD_LIBRARIES = YES;
				ASSETCATALOG_COMPILER_APPICON_NAME = AppIcon;
				CODE_SIGN_ENTITLEMENTS = TestForSoftFX/TestForSoftFX.entitlements;
				DEVELOPMENT_TEAM = XMV3P6H2HC;
				INFOPLIST_FILE = TestForSoftFX/Info.plist;
				LD_RUNPATH_SEARCH_PATHS = "$(inherited) @executable_path/Frameworks";
				PRODUCT_BUNDLE_IDENTIFIER = ZS.TestForSoftFX;
				PRODUCT_NAME = "$(TARGET_NAME)";
				SWIFT_VERSION = 3.0;
			};
			name = Debug;
		};
		FA2CE33C1F63C73C003DAC1D /* Release */ = {
			isa = XCBuildConfiguration;
			baseConfigurationReference = CDE9AC8EC0A08EB37561EE18 /* Pods-TestForSoftFX.release.xcconfig */;
			buildSettings = {
				ALWAYS_EMBED_SWIFT_STANDARD_LIBRARIES = YES;
				ASSETCATALOG_COMPILER_APPICON_NAME = AppIcon;
				CODE_SIGN_ENTITLEMENTS = TestForSoftFX/TestForSoftFX.entitlements;
				DEVELOPMENT_TEAM = XMV3P6H2HC;
				INFOPLIST_FILE = TestForSoftFX/Info.plist;
				LD_RUNPATH_SEARCH_PATHS = "$(inherited) @executable_path/Frameworks";
				PRODUCT_BUNDLE_IDENTIFIER = ZS.TestForSoftFX;
				PRODUCT_NAME = "$(TARGET_NAME)";
				SWIFT_VERSION = 3.0;
			};
			name = Release;
		};
		FA2CE3881F63FB5F003DAC1D /* Debug */ = {
			isa = XCBuildConfiguration;
			buildSettings = {
				DEVELOPMENT_TEAM = XMV3P6H2HC;
				INFOPLIST_FILE = SoftFxWidget/Info.plist;
				LD_RUNPATH_SEARCH_PATHS = "$(inherited) @executable_path/Frameworks @executable_path/../../Frameworks";
				PRODUCT_BUNDLE_IDENTIFIER = ZS.TestForSoftFX.SoftFxWidget;
				PRODUCT_NAME = "$(TARGET_NAME)";
				SKIP_INSTALL = YES;
				SWIFT_VERSION = 3.0;
			};
			name = Debug;
		};
		FA2CE3891F63FB5F003DAC1D /* Release */ = {
			isa = XCBuildConfiguration;
			buildSettings = {
				DEVELOPMENT_TEAM = XMV3P6H2HC;
				INFOPLIST_FILE = SoftFxWidget/Info.plist;
				LD_RUNPATH_SEARCH_PATHS = "$(inherited) @executable_path/Frameworks @executable_path/../../Frameworks";
				PRODUCT_BUNDLE_IDENTIFIER = ZS.TestForSoftFX.SoftFxWidget;
				PRODUCT_NAME = "$(TARGET_NAME)";
				SKIP_INSTALL = YES;
				SWIFT_VERSION = 3.0;
			};
			name = Release;
		};
/* End XCBuildConfiguration section */

/* Begin XCConfigurationList section */
		FA2CE31F1F63C73B003DAC1D /* Build configuration list for PBXProject "TestForSoftFX" */ = {
			isa = XCConfigurationList;
			buildConfigurations = (
				FA2CE3381F63C73C003DAC1D /* Debug */,
				FA2CE3391F63C73C003DAC1D /* Release */,
			);
			defaultConfigurationIsVisible = 0;
			defaultConfigurationName = Release;
		};
		FA2CE33A1F63C73C003DAC1D /* Build configuration list for PBXNativeTarget "TestForSoftFX" */ = {
			isa = XCConfigurationList;
			buildConfigurations = (
				FA2CE33B1F63C73C003DAC1D /* Debug */,
				FA2CE33C1F63C73C003DAC1D /* Release */,
			);
			defaultConfigurationIsVisible = 0;
			defaultConfigurationName = Release;
		};
		FA2CE38A1F63FB5F003DAC1D /* Build configuration list for PBXNativeTarget "SoftFxWidget" */ = {
			isa = XCConfigurationList;
			buildConfigurations = (
				FA2CE3881F63FB5F003DAC1D /* Debug */,
				FA2CE3891F63FB5F003DAC1D /* Release */,
			);
			defaultConfigurationIsVisible = 0;
		};
/* End XCConfigurationList section */

/* Begin XCVersionGroup section */
		FA2CE3741F63F60C003DAC1D /* Model.xcdatamodeld */ = {
			isa = XCVersionGroup;
			children = (
				FA2CE3751F63F60C003DAC1D /* Model.xcdatamodel */,
			);
			currentVersion = FA2CE3751F63F60C003DAC1D /* Model.xcdatamodel */;
			path = Model.xcdatamodeld;
			sourceTree = "<group>";
			versionGroupType = wrapper.xcdatamodel;
		};
/* End XCVersionGroup section */
	};
	rootObject = FA2CE31C1F63C73B003DAC1D /* Project object */;
}
