PODS:
  - Alamofire (4.5.0)
  - Fuzi (1.0.1)
  - ReachabilitySwift (3)
  - SwiftyJSON (3.1.4)
  - SwiftyXMLParser (3.0.3)

DEPENDENCIES:
  - Alamofire (~> 4.0)
  - Fuzi
  - ReachabilitySwift
  - SwiftyJSON
  - SwiftyXMLParser (from `https://github.com/yahoojapan/SwiftyXMLParser.git`)

EXTERNAL SOURCES:
  SwiftyXMLParser:
    :git: https://github.com/yahoojapan/SwiftyXMLParser.git

CHECKOUT OPTIONS:
  SwiftyXMLParser:
    :commit: 717181c312510135be4724a33e37fa9e3af76548
    :git: https://github.com/yahoojapan/SwiftyXMLParser.git

SPEC CHECKSUMS:
  Alamofire: f28cdffd29de33a7bfa022cbd63ae95a27fae140
  Fuzi: 851403654bac55675aaeed815d0c8a1d3e3d3e8b
  ReachabilitySwift: f5b9bb30a0777fac8f09ce8b067e32faeb29bb64
  SwiftyJSON: c2842d878f95482ffceec5709abc3d05680c0220
  SwiftyXMLParser: acca46f5a8f0728cf0e618736d8a7fc7822abcbe

PODFILE CHECKSUM: 173ca6449c9976a987992234dd573dc78c82ada9

COCOAPODS: 1.3.1
